
Microsoft Visual Studio Solution File, Format Version 12.00
# Visual Studio for Mac
Project("{FAE04EC0-301F-11D3-BF4B-00C04F79EFBC}") = "sf_test", "sf_test.csproj", "{13A778F1-27ED-2438-E62C-69AA177BE65E}"
EndProject
Global
	GlobalSection(SolutionConfigurationPlatforms) = preSolution
		Debug|Any CPU = Debug|Any CPU
		Release|Any CPU = Release|Any CPU
	EndGlobalSection
	GlobalSection(ProjectConfigurationPlatforms) = postSolution
		{13A778F1-27ED-2438-E62C-69AA177BE65E}.Debug|Any CPU.ActiveCfg = Debug|Any CPU
		{13A778F1-27ED-2438-E62C-69AA177BE65E}.Debug|Any CPU.Build.0 = Debug|Any CPU
		{13A778F1-27ED-2438-E62C-69AA177BE65E}.Release|Any CPU.ActiveCfg = Release|Any CPU
		{13A778F1-27ED-2438-E62C-69AA177BE65E}.Release|Any CPU.Build.0 = Release|Any CPU
	EndGlobalSection
	GlobalSection(SolutionProperties) = preSolution
		HideSolutionNode = FALSE
	EndGlobalSection
EndGlobal
